
Microsoft Visual Studio Solution File, Format Version 12.00
# Visual Studio Version 17
VisualStudioVersion = 17.4.33213.308
MinimumVisualStudioVersion = 10.0.40219.1
Project("{FAE04EC0-301F-11D3-BF4B-00C04F79EFBC}") = "WebAppForTest", "WebAppForTest\WebAppForTest.csproj", "{9FA7F1A3-4623-42FD-963D-24FFA6705273}"
EndProject
Project("{E53339B2-1760-4266-BCC7-CA923CBCF16C}") = "docker-compose", "docker-compose.dcproj", "{C718173D-144C-419E-90A3-7E03B77AACC0}"
EndProject
Global
	GlobalSection(SolutionConfigurationPlatforms) = preSolution
		Debug|Any CPU = Debug|Any CPU
		Release|Any CPU = Release|Any CPU
	EndGlobalSection
	GlobalSection(ProjectConfigurationPlatforms) = postSolution
		{9FA7F1A3-4623-42FD-963D-24FFA6705273}.Debug|Any CPU.ActiveCfg = Debug|Any CPU
		{9FA7F1A3-4623-42FD-963D-24FFA6705273}.Debug|Any CPU.Build.0 = Debug|Any CPU
		{9FA7F1A3-4623-42FD-963D-24FFA6705273}.Release|Any CPU.ActiveCfg = Release|Any CPU
		{9FA7F1A3-4623-42FD-963D-24FFA6705273}.Release|Any CPU.Build.0 = Release|Any CPU
		{C718173D-144C-419E-90A3-7E03B77AACC0}.Debug|Any CPU.ActiveCfg = Debug|Any CPU
		{C718173D-144C-419E-90A3-7E03B77AACC0}.Debug|Any CPU.Build.0 = Debug|Any CPU
		{C718173D-144C-419E-90A3-7E03B77AACC0}.Release|Any CPU.ActiveCfg = Release|Any CPU
		{C718173D-144C-419E-90A3-7E03B77AACC0}.Release|Any CPU.Build.0 = Release|Any CPU
	EndGlobalSection
	GlobalSection(SolutionProperties) = preSolution
		HideSolutionNode = FALSE
	EndGlobalSection
	GlobalSection(ExtensibilityGlobals) = postSolution
		SolutionGuid = {0F7B3999-CF31-4CEA-8FA3-B7F9B6AA46E1}
	EndGlobalSection
EndGlobal
